// !$*UTF8*$!
{
	archiveVersion = 1;
	classes = {
	};
	objectVersion = 50;
	objects = {

/* Begin PBXBuildFile section */
		87C5BA482118303400338C70 /* AppDelegate.swift in Sources */ = {isa = PBXBuildFile; fileRef = 87C5BA472118303400338C70 /* AppDelegate.swift */; };
		87C5BA4A2118303400338C70 /* WeatherController.swift in Sources */ = {isa = PBXBuildFile; fileRef = 87C5BA492118303400338C70 /* WeatherController.swift */; };
		87C5BA522118303600338C70 /* LaunchScreen.storyboard in Resources */ = {isa = PBXBuildFile; fileRef = 87C5BA502118303600338C70 /* LaunchScreen.storyboard */; };
		87C5BA5A211846F100338C70 /* WeatherModel.swift in Sources */ = {isa = PBXBuildFile; fileRef = 87C5BA59211846F100338C70 /* WeatherModel.swift */; };
		87C5BA5C21185BAF00338C70 /* Extensions.swift in Sources */ = {isa = PBXBuildFile; fileRef = 87C5BA5B21185BAF00338C70 /* Extensions.swift */; };
		87C5BA5E2118D21200338C70 /* ChoiceController.swift in Sources */ = {isa = PBXBuildFile; fileRef = 87C5BA5D2118D21200338C70 /* ChoiceController.swift */; };
		87C5BA60211AFB8B00338C70 /* CustomCell.swift in Sources */ = {isa = PBXBuildFile; fileRef = 87C5BA5F211AFB8B00338C70 /* CustomCell.swift */; };
		87C5BA62211AFBBF00338C70 /* Networking.swift in Sources */ = {isa = PBXBuildFile; fileRef = 87C5BA61211AFBBF00338C70 /* Networking.swift */; };
		87D2D031211CBF6300127B68 /* Assets.xcassets in Resources */ = {isa = PBXBuildFile; fileRef = 87D2D030211CBF6300127B68 /* Assets.xcassets */; };
/* End PBXBuildFile section */

/* Begin PBXFileReference section */
		87C5BA442118303400338C70 /* WhatsWeather.app */ = {isa = PBXFileReference; explicitFileType = wrapper.application; includeInIndex = 0; path = WhatsWeather.app; sourceTree = BUILT_PRODUCTS_DIR; };
		87C5BA472118303400338C70 /* AppDelegate.swift */ = {isa = PBXFileReference; lastKnownFileType = sourcecode.swift; path = AppDelegate.swift; sourceTree = "<group>"; };
		87C5BA492118303400338C70 /* WeatherController.swift */ = {isa = PBXFileReference; lastKnownFileType = sourcecode.swift; path = WeatherController.swift; sourceTree = "<group>"; };
		87C5BA512118303600338C70 /* Base */ = {isa = PBXFileReference; lastKnownFileType = file.storyboard; name = Base; path = Base.lproj/LaunchScreen.storyboard; sourceTree = "<group>"; };
		87C5BA532118303600338C70 /* Info.plist */ = {isa = PBXFileReference; lastKnownFileType = text.plist.xml; path = Info.plist; sourceTree = "<group>"; };
		87C5BA59211846F100338C70 /* WeatherModel.swift */ = {isa = PBXFileReference; lastKnownFileType = sourcecode.swift; path = WeatherModel.swift; sourceTree = "<group>"; };
		87C5BA5B21185BAF00338C70 /* Extensions.swift */ = {isa = PBXFileReference; lastKnownFileType = sourcecode.swift; path = Extensions.swift; sourceTree = "<group>"; };
		87C5BA5D2118D21200338C70 /* ChoiceController.swift */ = {isa = PBXFileReference; lastKnownFileType = sourcecode.swift; path = ChoiceController.swift; sourceTree = "<group>"; };
		87C5BA5F211AFB8B00338C70 /* CustomCell.swift */ = {isa = PBXFileReference; lastKnownFileType = sourcecode.swift; path = CustomCell.swift; sourceTree = "<group>"; };
		87C5BA61211AFBBF00338C70 /* Networking.swift */ = {isa = PBXFileReference; lastKnownFileType = sourcecode.swift; path = Networking.swift; sourceTree = "<group>"; };
		87D2D030211CBF6300127B68 /* Assets.xcassets */ = {isa = PBXFileReference; lastKnownFileType = folder.assetcatalog; path = Assets.xcassets; sourceTree = "<group>"; };
/* End PBXFileReference section */

/* Begin PBXFrameworksBuildPhase section */
		87C5BA412118303400338C70 /* Frameworks */ = {
			isa = PBXFrameworksBuildPhase;
			buildActionMask = 2147483647;
			files = (
			);
			runOnlyForDeploymentPostprocessing = 0;
		};
/* End PBXFrameworksBuildPhase section */

/* Begin PBXGroup section */
		87C5BA3B2118303400338C70 = {
			isa = PBXGroup;
			children = (
				87C5BA462118303400338C70 /* WhatsWeather */,
				87C5BA452118303400338C70 /* Products */,
			);
			sourceTree = "<group>";
		};
		87C5BA452118303400338C70 /* Products */ = {
			isa = PBXGroup;
			children = (
				87C5BA442118303400338C70 /* WhatsWeather.app */,
			);
			name = Products;
			sourceTree = "<group>";
		};
		87C5BA462118303400338C70 /* WhatsWeather */ = {
			isa = PBXGroup;
			children = (
				87C5BA492118303400338C70 /* WeatherController.swift */,
				87C5BA61211AFBBF00338C70 /* Networking.swift */,
				87C5BA5F211AFB8B00338C70 /* CustomCell.swift */,
				87C5BA59211846F100338C70 /* WeatherModel.swift */,
				87C5BA5B21185BAF00338C70 /* Extensions.swift */,
				87C5BA5D2118D21200338C70 /* ChoiceController.swift */,
				87C5BA472118303400338C70 /* AppDelegate.swift */,
				87C5BA502118303600338C70 /* LaunchScreen.storyboard */,
				87D2D030211CBF6300127B68 /* Assets.xcassets */,
				87C5BA532118303600338C70 /* Info.plist */,
			);
			path = WhatsWeather;
			sourceTree = "<group>";
		};
/* End PBXGroup section */

/* Begin PBXNativeTarget section */
		87C5BA432118303400338C70 /* WhatsWeather */ = {
			isa = PBXNativeTarget;
			buildConfigurationList = 87C5BA562118303600338C70 /* Build configuration list for PBXNativeTarget "WhatsWeather" */;
			buildPhases = (
				87C5BA402118303400338C70 /* Sources */,
				87C5BA412118303400338C70 /* Frameworks */,
				87C5BA422118303400338C70 /* Resources */,
			);
			buildRules = (
			);
			dependencies = (
			);
			name = WhatsWeather;
			productName = WhatsWeather;
			productReference = 87C5BA442118303400338C70 /* WhatsWeather.app */;
			productType = "com.apple.product-type.application";
		};
/* End PBXNativeTarget section */

/* Begin PBXProject section */
		87C5BA3C2118303400338C70 /* Project object */ = {
			isa = PBXProject;
			attributes = {
				LastSwiftUpdateCheck = 0940;
				LastUpgradeCheck = 0940;
				ORGANIZATIONNAME = "Никита Бацев";
				TargetAttributes = {
					87C5BA432118303400338C70 = {
						CreatedOnToolsVersion = 9.4.1;
					};
				};
			};
			buildConfigurationList = 87C5BA3F2118303400338C70 /* Build configuration list for PBXProject "WhatsWeather" */;
			compatibilityVersion = "Xcode 9.3";
			developmentRegion = en;
			hasScannedForEncodings = 0;
			knownRegions = (
				en,
				Base,
			);
			mainGroup = 87C5BA3B2118303400338C70;
			productRefGroup = 87C5BA452118303400338C70 /* Products */;
			projectDirPath = "";
			projectRoot = "";
			targets = (
				87C5BA432118303400338C70 /* WhatsWeather */,
			);
		};
/* End PBXProject section */

/* Begin PBXResourcesBuildPhase section */
		87C5BA422118303400338C70 /* Resources */ = {
			isa = PBXResourcesBuildPhase;
			buildActionMask = 2147483647;
			files = (
				87D2D031211CBF6300127B68 /* Assets.xcassets in Resources */,
				87C5BA522118303600338C70 /* LaunchScreen.storyboard in Resources */,
			);
			runOnlyForDeploymentPostprocessing = 0;
		};
/* End PBXResourcesBuildPhase section */

/* Begin PBXSourcesBuildPhase section */
		87C5BA402118303400338C70 /* Sources */ = {
			isa = PBXSourcesBuildPhase;
			buildActionMask = 2147483647;
			files = (
				87C5BA4A2118303400338C70 /* WeatherController.swift in Sources */,
				87C5BA5E2118D21200338C70 /* ChoiceController.swift in Sources */,
				87C5BA5A211846F100338C70 /* WeatherModel.swift in Sources */,
				87C5BA482118303400338C70 /* AppDelegate.swift in Sources */,
				87C5BA60211AFB8B00338C70 /* CustomCell.swift in Sources */,
				87C5BA5C21185BAF00338C70 /* Extensions.swift in Sources */,
				87C5BA62211AFBBF00338C70 /* Networking.swift in Sources */,
			);
			runOnlyForDeploymentPostprocessing = 0;
		};
/* End PBXSourcesBuildPhase section */

/* Begin PBXVariantGroup section */
		87C5BA502118303600338C70 /* LaunchScreen.storyboard */ = {
			isa = PBXVariantGroup;
			children = (
				87C5BA512118303600338C70 /* Base */,
			);
			name = LaunchScreen.storyboard;
			sourceTree = "<group>";
		};
/* End PBXVariantGroup section */

/* Begin XCBuildConfiguration section */
		87C5BA542118303600338C70 /* Debug */ = {
			isa = XCBuildConfiguration;
			buildSettings = {
				ALWAYS_SEARCH_USER_PATHS = NO;
				CLANG_ANALYZER_NONNULL = YES;
				CLANG_ANALYZER_NUMBER_OBJECT_CONVERSION = YES_AGGRESSIVE;
				CLANG_CXX_LANGUAGE_STANDARD = "gnu++14";
				CLANG_CXX_LIBRARY = "libc++";
				CLANG_ENABLE_MODULES = YES;
				CLANG_ENABLE_OBJC_ARC = YES;
				CLANG_ENABLE_OBJC_WEAK = YES;
				CLANG_WARN_BLOCK_CAPTURE_AUTORELEASING = YES;
				CLANG_WARN_BOOL_CONVERSION = YES;
				CLANG_WARN_COMMA = YES;
				CLANG_WARN_CONSTANT_CONVERSION = YES;
				CLANG_WARN_DEPRECATED_OBJC_IMPLEMENTATIONS = YES;
				CLANG_WARN_DIRECT_OBJC_ISA_USAGE = YES_ERROR;
				CLANG_WARN_DOCUMENTATION_COMMENTS = YES;
				CLANG_WARN_EMPTY_BODY = YES;
				CLANG_WARN_ENUM_CONVERSION = YES;
				CLANG_WARN_INFINITE_RECURSION = YES;
				CLANG_WARN_INT_CONVERSION = YES;
				CLANG_WARN_NON_LITERAL_NULL_CONVERSION = YES;
				CLANG_WARN_OBJC_IMPLICIT_RETAIN_SELF = YES;
				CLANG_WARN_OBJC_LITERAL_CONVERSION = YES;
				CLANG_WARN_OBJC_ROOT_CLASS = YES_ERROR;
				CLANG_WARN_RANGE_LOOP_ANALYSIS = YES;
				CLANG_WARN_STRICT_PROTOTYPES = YES;
				CLANG_WARN_SUSPICIOUS_MOVE = YES;
				CLANG_WARN_UNGUARDED_AVAILABILITY = YES_AGGRESSIVE;
				CLANG_WARN_UNREACHABLE_CODE = YES;
				CLANG_WARN__DUPLICATE_METHOD_MATCH = YES;
				CODE_SIGN_IDENTITY = "iPhone Developer";
				COPY_PHASE_STRIP = NO;
				DEBUG_INFORMATION_FORMAT = dwarf;
				ENABLE_STRICT_OBJC_MSGSEND = YES;
				ENABLE_TESTABILITY = YES;
				GCC_C_LANGUAGE_STANDARD = gnu11;
				GCC_DYNAMIC_NO_PIC = NO;
				GCC_NO_COMMON_BLOCKS = YES;
				GCC_OPTIMIZATION_LEVEL = 0;
				GCC_PREPROCESSOR_DEFINITIONS = (
					"DEBUG=1",
					"$(inherited)",
				);
				GCC_WARN_64_TO_32_BIT_CONVERSION = YES;
				GCC_WARN_ABOUT_RETURN_TYPE = YES_ERROR;
				GCC_WARN_UNDECLARED_SELECTOR = YES;
				GCC_WARN_UNINITIALIZED_AUTOS = YES_AGGRESSIVE;
				GCC_WARN_UNUSED_FUNCTION = YES;
				GCC_WARN_UNUSED_VARIABLE = YES;
				IPHONEOS_DEPLOYMENT_TARGET = 11.4;
				MTL_ENABLE_DEBUG_INFO = YES;
				ONLY_ACTIVE_ARCH = YES;
				SDKROOT = iphoneos;
				SWIFT_ACTIVE_COMPILATION_CONDITIONS = DEBUG;
				SWIFT_OPTIMIZATION_LEVEL = "-Onone";
			};
			name = Debug;
		};
		87C5BA552118303600338C70 /* Release */ = {
			isa = XCBuildConfiguration;
			buildSettings = {
				ALWAYS_SEARCH_USER_PATHS = NO;
				CLANG_ANALYZER_NONNULL = YES;
				CLANG_ANALYZER_NUMBER_OBJECT_CONVERSION = YES_AGGRESSIVE;
				CLANG_CXX_LANGUAGE_STANDARD = "gnu++14";
				CLANG_CXX_LIBRARY = "libc++";
				CLANG_ENABLE_MODULES = YES;
				CLANG_ENABLE_OBJC_ARC = YES;
				CLANG_ENABLE_OBJC_WEAK = YES;
				CLANG_WARN_BLOCK_CAPTURE_AUTORELEASING = YES;
				CLANG_WARN_BOOL_CONVERSION = YES;
				CLANG_WARN_COMMA = YES;
				CLANG_WARN_CONSTANT_CONVERSION = YES;
				CLANG_WARN_DEPRECATED_OBJC_IMPLEMENTATIONS = YES;
				CLANG_WARN_DIRECT_OBJC_ISA_USAGE = YES_ERROR;
				CLANG_WARN_DOCUMENTATION_COMMENTS = YES;
				CLANG_WARN_EMPTY_BODY = YES;
				CLANG_WARN_ENUM_CONVERSION = YES;
				CLANG_WARN_INFINITE_RECURSION = YES;
				CLANG_WARN_INT_CONVERSION = YES;
				CLANG_WARN_NON_LITERAL_NULL_CONVERSION = YES;
				CLANG_WARN_OBJC_IMPLICIT_RETAIN_SELF = YES;
				CLANG_WARN_OBJC_LITERAL_CONVERSION = YES;
				CLANG_WARN_OBJC_ROOT_CLASS = YES_ERROR;
				CLANG_WARN_RANGE_LOOP_ANALYSIS = YES;
				CLANG_WARN_STRICT_PROTOTYPES = YES;
				CLANG_WARN_SUSPICIOUS_MOVE = YES;
				CLANG_WARN_UNGUARDED_AVAILABILITY = YES_AGGRESSIVE;
				CLANG_WARN_UNREACHABLE_CODE = YES;
				CLANG_WARN__DUPLICATE_METHOD_MATCH = YES;
				CODE_SIGN_IDENTITY = "iPhone Developer";
				COPY_PHASE_STRIP = NO;
				DEBUG_INFORMATION_FORMAT = "dwarf-with-dsym";
				ENABLE_NS_ASSERTIONS = NO;
				ENABLE_STRICT_OBJC_MSGSEND = YES;
				GCC_C_LANGUAGE_STANDARD = gnu11;
				GCC_NO_COMMON_BLOCKS = YES;
				GCC_WARN_64_TO_32_BIT_CONVERSION = YES;
				GCC_WARN_ABOUT_RETURN_TYPE = YES_ERROR;
				GCC_WARN_UNDECLARED_SELECTOR = YES;
				GCC_WARN_UNINITIALIZED_AUTOS = YES_AGGRESSIVE;
				GCC_WARN_UNUSED_FUNCTION = YES;
				GCC_WARN_UNUSED_VARIABLE = YES;
				IPHONEOS_DEPLOYMENT_TARGET = 11.4;
				MTL_ENABLE_DEBUG_INFO = NO;
				SDKROOT = iphoneos;
				SWIFT_COMPILATION_MODE = wholemodule;
				SWIFT_OPTIMIZATION_LEVEL = "-O";
				VALIDATE_PRODUCT = YES;
			};
			name = Release;
		};
		87C5BA572118303600338C70 /* Debug */ = {
			isa = XCBuildConfiguration;
			buildSettings = {
				ASSETCATALOG_COMPILER_APPICON_NAME = AppIcon;
				CODE_SIGN_STYLE = Automatic;
				DEVELOPMENT_TEAM = 2UFKZ3935X;
				INFOPLIST_FILE = WhatsWeather/Info.plist;
				LD_RUNPATH_SEARCH_PATHS = (
					"$(inherited)",
					"@executable_path/Frameworks",
				);
				PRODUCT_BUNDLE_IDENTIFIER = YOLO.WhatsWeather;
				PRODUCT_NAME = "$(TARGET_NAME)";
				SWIFT_VERSION = 4.0;
				TARGETED_DEVICE_FAMILY = "1,2";
			};
			name = Debug;
		};
		87C5BA582118303600338C70 /* Release */ = {
			isa = XCBuildConfiguration;
			buildSettings = {
				ASSETCATALOG_COMPILER_APPICON_NAME = AppIcon;
				CODE_SIGN_STYLE = Automatic;
				DEVELOPMENT_TEAM = 2UFKZ3935X;
				INFOPLIST_FILE = WhatsWeather/Info.plist;
				LD_RUNPATH_SEARCH_PATHS = (
					"$(inherited)",
					"@executable_path/Frameworks",
				);
				PRODUCT_BUNDLE_IDENTIFIER = YOLO.WhatsWeather;
				PRODUCT_NAME = "$(TARGET_NAME)";
				SWIFT_VERSION = 4.0;
				TARGETED_DEVICE_FAMILY = "1,2";
			};
			name = Release;
		};
/* End XCBuildConfiguration section */

/* Begin XCConfigurationList section */
		87C5BA3F2118303400338C70 /* Build configuration list for PBXProject "WhatsWeather" */ = {
			isa = XCConfigurationList;
			buildConfigurations = (
				87C5BA542118303600338C70 /* Debug */,
				87C5BA552118303600338C70 /* Release */,
			);
			defaultConfigurationIsVisible = 0;
			defaultConfigurationName = Release;
		};
		87C5BA562118303600338C70 /* Build configuration list for PBXNativeTarget "WhatsWeather" */ = {
			isa = XCConfigurationList;
			buildConfigurations = (
				87C5BA572118303600338C70 /* Debug */,
				87C5BA582118303600338C70 /* Release */,
			);
			defaultConfigurationIsVisible = 0;
			defaultConfigurationName = Release;
		};
/* End XCConfigurationList section */
	};
	rootObject = 87C5BA3C2118303400338C70 /* Project object */;
}
